
Microsoft Visual Studio Solution File, Format Version 12.00
# Visual Studio Version 17
VisualStudioVersion = 17.8.34511.84
MinimumVisualStudioVersion = 10.0.40219.1
Project("{FAE04EC0-301F-11D3-BF4B-00C04F79EFBC}") = "Demo.PL", "Demo.PL\Demo.PL.csproj", "{4AF2470D-A953-4685-916E-6D8456C6EE53}"
EndProject
Project("{FAE04EC0-301F-11D3-BF4B-00C04F79EFBC}") = "Demo.DAL", "Demo.DAL\Demo.DAL.csproj", "{FF0075FA-C82B-4485-A3BF-2BADFE9A4B17}"
EndProject
Project("{FAE04EC0-301F-11D3-BF4B-00C04F79EFBC}") = "Demo.BLL", "Demo.BLL\Demo.BLL.csproj", "{75D3F679-AD36-422F-8B5A-A926DDCCD186}"
EndProject
Global
	GlobalSection(SolutionConfigurationPlatforms) = preSolution
		Debug|Any CPU = Debug|Any CPU
		Release|Any CPU = Release|Any CPU
	EndGlobalSection
	GlobalSection(ProjectConfigurationPlatforms) = postSolution
		{4AF2470D-A953-4685-916E-6D8456C6EE53}.Debug|Any CPU.ActiveCfg = Debug|Any CPU
		{4AF2470D-A953-4685-916E-6D8456C6EE53}.Debug|Any CPU.Build.0 = Debug|Any CPU
		{4AF2470D-A953-4685-916E-6D8456C6EE53}.Release|Any CPU.ActiveCfg = Release|Any CPU
		{4AF2470D-A953-4685-916E-6D8456C6EE53}.Release|Any CPU.Build.0 = Release|Any CPU
		{FF0075FA-C82B-4485-A3BF-2BADFE9A4B17}.Debug|Any CPU.ActiveCfg = Debug|Any CPU
		{FF0075FA-C82B-4485-A3BF-2BADFE9A4B17}.Debug|Any CPU.Build.0 = Debug|Any CPU
		{FF0075FA-C82B-4485-A3BF-2BADFE9A4B17}.Release|Any CPU.ActiveCfg = Release|Any CPU
		{FF0075FA-C82B-4485-A3BF-2BADFE9A4B17}.Release|Any CPU.Build.0 = Release|Any CPU
		{75D3F679-AD36-422F-8B5A-A926DDCCD186}.Debug|Any CPU.ActiveCfg = Debug|Any CPU
		{75D3F679-AD36-422F-8B5A-A926DDCCD186}.Debug|Any CPU.Build.0 = Debug|Any CPU
		{75D3F679-AD36-422F-8B5A-A926DDCCD186}.Release|Any CPU.ActiveCfg = Release|Any CPU
		{75D3F679-AD36-422F-8B5A-A926DDCCD186}.Release|Any CPU.Build.0 = Release|Any CPU
	EndGlobalSection
	GlobalSection(SolutionProperties) = preSolution
		HideSolutionNode = FALSE
	EndGlobalSection
	GlobalSection(ExtensibilityGlobals) = postSolution
		SolutionGuid = {6B0928D4-41CF-449F-9A1B-CDC508FD7F85}
	EndGlobalSection
EndGlobal
